
Microsoft Visual Studio Solution File, Format Version 12.00
# Visual Studio Version 16
VisualStudioVersion = 16.0.28803.352
MinimumVisualStudioVersion = 10.0.40219.1
Project("{FAE04EC0-301F-11D3-BF4B-00C04F79EFBC}") = "DateAndTime", "C:\Users\constantin\source\repos\DateAndTime\DateAndTime\DateAndTime.csproj", "{084639BF-379A-44C2-A802-0FC91A24D464}"
EndProject
Global
	GlobalSection(SolutionConfigurationPlatforms) = preSolution
		Debug|Any CPU = Debug|Any CPU
		Release|Any CPU = Release|Any CPU
	EndGlobalSection
	GlobalSection(ProjectConfigurationPlatforms) = postSolution
		{084639BF-379A-44C2-A802-0FC91A24D464}.Debug|Any CPU.ActiveCfg = Debug|Any CPU
		{084639BF-379A-44C2-A802-0FC91A24D464}.Debug|Any CPU.Build.0 = Debug|Any CPU
		{084639BF-379A-44C2-A802-0FC91A24D464}.Release|Any CPU.ActiveCfg = Release|Any CPU
		{084639BF-379A-44C2-A802-0FC91A24D464}.Release|Any CPU.Build.0 = Release|Any CPU
	EndGlobalSection
	GlobalSection(SolutionProperties) = preSolution
		HideSolutionNode = FALSE
	EndGlobalSection
	GlobalSection(ExtensibilityGlobals) = postSolution
		SolutionGuid = {8D5B940C-CF17-4DA7-A4FA-612D12646B83}
	EndGlobalSection
EndGlobal
